hash: 4592d3ca5d9fdf06af3dcb0c0970c9b0102d73520bcbb18c2232b7c8e1f69846
updated: 2016-08-03T12:25:47.167304111+02:00
imports:
- name: github.com/blevesearch/bleve
  version: 9f31ea6805b221152f05a342c725ba531db2eaec
  subpackages:
  - analysis
  - analysis/analyzers/keyword_analyzer
  - analysis/analyzers/standard_analyzer
  - analysis/language/en
  - analysis/token_filters/lower_case_filter
  - analysis/token_filters/porter
  - analysis/token_filters/stop_tokens_filter
  - analysis/tokenizers/single_token
  - analysis/tokenizers/unicode
  - document
  - index
  - index/store
  - numeric_util
  - registry
  - search
  - search/highlight
- name: github.com/blevesearch/go-porterstemmer
  version: 23a2c8e5cf1f380f27722c6d2ae8896431dc7d0e
  repo: https://github.com/blevesearch/go-porterstemmer
- name: github.com/blevesearch/segment
  version: db70c57796cc8c310613541dfade3dce627d09c7
  repo: https://github.com/blevesearch/segment
- name: github.com/braintree/manners
  version: 0b5e6b2c2843f4c83c2a40f96980b09cf4af733c
- name: github.com/endeveit/go-gelf
  version: 248b91fbab2e853c28f96d5dbd768a7dbb88845c
  subpackages:
  - gelf
- name: github.com/endeveit/go-snippets
  version: 49b882d912467857727655d333c42bf33da019e1
  subpackages:
  - cli
  - config
- name: github.com/gorilla/context
  version: aed02d124ae4a0e94fea4541c8effd05bf0c8296
- name: github.com/gorilla/mux
  version: 0eeaf8392f5b04950925b8a69fe70f110fa7cbfc
- name: github.com/robfig/config
  version: 0f78529c8c7e3e9a25f15876532ecbc07c7d99e6
- name: github.com/satori/go.uuid
  version: 879c5887cd475cd7864858769793b2ceb0d44feb
- name: github.com/Sirupsen/logrus
  version: 4b6ea7319e214d98c938f12692336f7ca9348d6b
  subpackages:
  - hooks/syslog
- name: github.com/urfave/cli
  version: 1efa31f08b9333f1bd4882d61f9d668a70cd902e
- name: golang.org/x/net
  version: e45385e9b226f570b1f086bf287b25d3d4117776
  repo: https://go.googlesource.com/net
  subpackages:
  - context
- name: golang.org/x/sys
  version: a646d33e2ee3172a661fc09bca23bb4889a41bc8
  subpackages:
  - unix
- name: gopkg.in/olivere/elastic.v3
  version: 787ebbb5a7600662bca364e4e8ca959f315e442f
  subpackages:
  - uritemplates
testImports: []
